
Microsoft Visual Studio Solution File, Format Version 12.00
# Visual Studio Version 16
VisualStudioVersion = 16.0.31624.102
MinimumVisualStudioVersion = 10.0.40219.1
Project("{FAE04EC0-301F-11D3-BF4B-00C04F79EFBC}") = "myTreeView", "myTreeView\myTreeView.csproj", "{933CD028-2AAB-4557-97DB-3C7054022B49}"
EndProject
Project("{FAE04EC0-301F-11D3-BF4B-00C04F79EFBC}") = "myTreeViewFun", "ClassLibrary1\myTreeViewFun.csproj", "{0B720C5D-01AF-4A3A-8D79-0C65ABCECF22}"
EndProject
Global
	GlobalSection(SolutionConfigurationPlatforms) = preSolution
		Debug|Any CPU = Debug|Any CPU
		Release|Any CPU = Release|Any CPU
	EndGlobalSection
	GlobalSection(ProjectConfigurationPlatforms) = postSolution
		{933CD028-2AAB-4557-97DB-3C7054022B49}.Debug|Any CPU.ActiveCfg = Debug|Any CPU
		{933CD028-2AAB-4557-97DB-3C7054022B49}.Debug|Any CPU.Build.0 = Debug|Any CPU
		{933CD028-2AAB-4557-97DB-3C7054022B49}.Release|Any CPU.ActiveCfg = Release|Any CPU
		{933CD028-2AAB-4557-97DB-3C7054022B49}.Release|Any CPU.Build.0 = Release|Any CPU
		{0B720C5D-01AF-4A3A-8D79-0C65ABCECF22}.Debug|Any CPU.ActiveCfg = Debug|Any CPU
		{0B720C5D-01AF-4A3A-8D79-0C65ABCECF22}.Debug|Any CPU.Build.0 = Debug|Any CPU
		{0B720C5D-01AF-4A3A-8D79-0C65ABCECF22}.Release|Any CPU.ActiveCfg = Release|Any CPU
		{0B720C5D-01AF-4A3A-8D79-0C65ABCECF22}.Release|Any CPU.Build.0 = Release|Any CPU
	EndGlobalSection
	GlobalSection(SolutionProperties) = preSolution
		HideSolutionNode = FALSE
	EndGlobalSection
	GlobalSection(ExtensibilityGlobals) = postSolution
		SolutionGuid = {32E3F02F-BB17-4040-94EB-E46F7BF6661E}
	EndGlobalSection
EndGlobal
